%{
  "axon": {:hex, :axon, "0.8.1", "c4a975e62a14ab6c374997b77367ec3a4c2740952ac474d3b0f202c91b7f75c4", [:mix], [{:kino, "~> 0.7", [hex: :kino, repo: "hexpm", optional: true]}, {:kino_vega_lite, "~> 0.1.7", [hex: :kino_vega_lite, repo: "hexpm", optional: true]}, {:nx, "~> 0.10", [hex: :nx, repo: "hexpm", optional: false]}, {:polaris, "~> 0.1", [hex: :polaris, repo: "hexpm", optional: false]}, {:table_rex, "~> 3.1 or ~> 4.1", [hex: :table_rex, repo: "hexpm", optional: true]}], "hexpm", "682a3517489300507ac9345f28341e7fa95bc5b4960d645816074ce551795d37"},
  "beam_notify": {:hex, :beam_notify, "1.1.1", "da7dd04f16120bcab71f01ff81607ea38ad78af859cd87fad2012eac8feab034", [:make, :mix], [{:elixir_make, "~> 0.6", [hex: :elixir_make, repo: "hexpm", optional: false]}], "hexpm", "5a09fc8449171da423f781de16b95cdec52763e60308345de6f15358c2382a42"},
  "castore": {:hex, :castore, "0.1.22", "4127549e411bedd012ca3a308dede574f43819fe9394254ca55ab4895abfa1a2", [:mix], [], "hexpm", "c17576df47eb5aa1ee40cc4134316a99f5cad3e215d5c77b8dd3cfef12a22cac"},
  "cc_precompiler": {:hex, :cc_precompiler, "0.1.11", "8c844d0b9fb98a3edea067f94f616b3f6b29b959b6b3bf25fee94ffe34364768", [:mix], [{:elixir_make, "~> 0.7", [hex: :elixir_make, repo: "hexpm", optional: false]}], "hexpm", "3427232caf0835f94680e5bcf082408a70b48ad68a5f5c0b02a3bea9f3a075b9"},
  "circuits_gpio": {:hex, :circuits_gpio, "2.1.3", "7f5b8262a7ee39729b11b42cb5ce3216145649aa315fd08fc3405ca7139382b4", [:make, :mix], [{:elixir_make, "~> 0.6", [hex: :elixir_make, repo: "hexpm", optional: false]}], "hexpm", "8616d3085f0e3b794f330cef8d4200ed83a0a2a8edf011d75d9e024299118220"},
  "circuits_i2c": {:hex, :circuits_i2c, "2.1.0", "0656ea5d106744c498a8cd778f39c0685ab574e3da7159814cfbfe709001f0e5", [:make, :mix], [{:elixir_make, "~> 0.6", [hex: :elixir_make, repo: "hexpm", optional: false]}], "hexpm", "3751a875a9d728080fdbc5fd352f728d4746a82e17e52f4444c406200349f6ac"},
  "circuits_spi": {:hex, :circuits_spi, "2.0.4", "b75f64c0401e3c64319dcfc76a9bc17466e4469adc5daf34165f4c4b11cf12ee", [:make, :mix], [{:elixir_make, "~> 0.6", [hex: :elixir_make, repo: "hexpm", optional: false]}], "hexpm", "ccf034065091f26c624dee777ea3f48ce64696af812622e1d060b2cffdbf90e4"},
  "circuits_uart": {:hex, :circuits_uart, "1.5.5", "0cb6df39ab66bf712dd854d1da8fe9cdbe2fee245661bf6aef49031b43acdbf6", [:mix], [{:elixir_make, "~> 0.6", [hex: :elixir_make, repo: "hexpm", optional: false]}], "hexpm", "e688282b271d66cfe10c26e19fe3592202524532aaaebb3849ea26770ea52f5d"},
  "circular_buffer": {:hex, :circular_buffer, "1.0.0", "25c004da0cba7bd8bc1bdabded4f9a902d095e20600fd15faf1f2ffbaea18a07", [:mix], [], "hexpm", "c829ec31c13c7bafd1f546677263dff5bfb006e929f25635878ac3cfba8749e5"},
  "complex": {:hex, :complex, "0.6.0", "b0130086a7a8c33574d293b2e0e250f4685580418eac52a5658a4bd148f3ccf1", [:mix], [], "hexpm", "0a5fa95580dcaf30fcd60fe1aaf24327c0fe401e98c24d892e172e79498269f9"},
  "cowboy": {:hex, :cowboy, "2.14.2", "4008be1df6ade45e4f2a4e9e2d22b36d0b5aba4e20b0a0d7049e28d124e34847", [:make, :rebar3], [{:cowlib, ">= 2.16.0 and < 3.0.0", [hex: :cowlib, repo: "hexpm", optional: false]}, {:ranch, ">= 1.8.0 and < 3.0.0", [hex: :ranch, repo: "hexpm", optional: false]}], "hexpm", "569081da046e7b41b5df36aa359be71a0c8874e5b9cff6f747073fc57baf1ab9"},
  "cowboy_telemetry": {:hex, :cowboy_telemetry, "0.4.0", "f239f68b588efa7707abce16a84d0d2acf3a0f50571f8bb7f56a15865aae820c", [:rebar3], [{:cowboy, "~> 2.7", [hex: :cowboy, repo: "hexpm", optional: false]}, {:telemetry, "~> 1.0", [hex: :telemetry, repo: "hexpm", optional: false]}], "hexpm", "7d98bac1ee4565d31b62d59f8823dfd8356a169e7fcbb83831b8a5397404c9de"},
  "cowlib": {:hex, :cowlib, "2.16.0", "54592074ebbbb92ee4746c8a8846e5605052f29309d3a873468d76cdf932076f", [:make, :rebar3], [], "hexpm", "7f478d80d66b747344f0ea7708c187645cfcc08b11aa424632f78e25bf05db51"},
  "elixir_make": {:hex, :elixir_make, "0.9.0", "6484b3cd8c0cee58f09f05ecaf1a140a8c97670671a6a0e7ab4dc326c3109726", [:mix], [], "hexpm", "db23d4fd8b757462ad02f8aa73431a426fe6671c80b200d9710caf3d1dd0ffdb"},
  "emlx": {:git, "https://github.com/elixir-nx/emlx.git", "2d5742dcd20e02500f8050dca7f92967e90a25d1", [branch: "main"]},
  "esbuild": {:hex, :esbuild, "0.10.0", "b0aa3388a1c23e727c5a3e7427c932d89ee791746b0081bbe56103e9ef3d291f", [:mix], [{:jason, "~> 1.4", [hex: :jason, repo: "hexpm", optional: false]}], "hexpm", "468489cda427b974a7cc9f03ace55368a83e1a7be12fba7e30969af78e5f8c70"},
  "finch": {:hex, :finch, "0.21.0", "b1c3b2d48af02d0c66d2a9ebfb5622be5c5ecd62937cf79a88a7f98d48a8290c", [:mix], [{:mime, "~> 1.0 or ~> 2.0", [hex: :mime, repo: "hexpm", optional: false]}, {:mint, "~> 1.6.2 or ~> 1.7", [hex: :mint, repo: "hexpm", optional: false]}, {:nimble_options, "~> 0.4 or ~> 1.0", [hex: :nimble_options, repo: "hexpm", optional: false]}, {:nimble_pool, "~> 1.1", [hex: :nimble_pool, repo: "hexpm", optional: false]}, {:telemetry, "~> 0.4 or ~> 1.0", [hex: :telemetry, repo: "hexpm", optional: false]}], "hexpm", "87dc6e169794cb2570f75841a19da99cfde834249568f2a5b121b809588a4377"},
  "fine": {:hex, :fine, "0.1.5", "54880d13ab2c57884a105502d4fdce041f5852fe19bcfdcbcd7327225b1a6d5a", [:mix], [], "hexpm", "39f8f3f48a21e053c483f362b7b6a3bb38fdd987b31debc4d4e7a77fe8564335"},
  "gen_state_machine": {:hex, :gen_state_machine, "3.0.0", "1e57f86a494e5c6b14137ebef26a7eb342b3b0070c7135f2d6768ed3f6b6cdff", [:mix], [], "hexpm", "0a59652574bebceb7309f6b749d2a41b45fdeda8dbb4da0791e355dd19f0ed15"},
  "glob_ex": {:hex, :glob_ex, "0.1.11", "cb50d3f1ef53f6ca04d6252c7fde09fd7a1cf63387714fe96f340a1349e62c93", [:mix], [], "hexpm", "342729363056e3145e61766b416769984c329e4378f1d558b63e341020525de4"},
  "hpax": {:hex, :hpax, "1.0.3", "ed67ef51ad4df91e75cc6a1494f851850c0bd98ebc0be6e81b026e765ee535aa", [:mix], [], "hexpm", "8eab6e1cfa8d5918c2ce4ba43588e894af35dbd8e91e6e55c817bca5847df34a"},
  "igniter": {:hex, :igniter, "0.7.7", "08bae07b7b610100bc7c676e6b18130fe12bb90617982023cc798346879c2c5f", [:mix], [{:glob_ex, "~> 0.1.7", [hex: :glob_ex, repo: "hexpm", optional: false]}, {:jason, "~> 1.4", [hex: :jason, repo: "hexpm", optional: false]}, {:owl, "~> 0.11", [hex: :owl, repo: "hexpm", optional: false]}, {:phx_new, "~> 1.7", [hex: :phx_new, repo: "hexpm", optional: true]}, {:req, "~> 0.5", [hex: :req, repo: "hexpm", optional: false]}, {:rewrite, ">= 1.1.1 and < 2.0.0-0", [hex: :rewrite, repo: "hexpm", optional: false]}, {:sourceror, "~> 1.4", [hex: :sourceror, repo: "hexpm", optional: false]}, {:spitfire, ">= 0.1.3 and < 1.0.0-0", [hex: :spitfire, repo: "hexpm", optional: false]}], "hexpm", "caeb1227887362b22038ff8419a7e6ddd3888f3d7e6cffacb14c73abbce17600"},
  "input_event": {:hex, :input_event, "1.4.2", "8ad280387595110cf4ac4d92cfcfd2f5d61f7285084f35adc5feec077df23058", [:make, :mix], [{:elixir_make, "~> 0.6", [hex: :elixir_make, repo: "hexpm", optional: false]}], "hexpm", "eb12e3a5d83f2c570d965ad0a5de7bea7c9f387b425ae882c00f3a2a00971e3f"},
  "interactive_cmd": {:hex, :interactive_cmd, "0.1.3", "4641cf8e2bc6f235b5093813d57b7e42e12c3844942a2b5912eb8a996bda6e28", [:mix], [], "hexpm", "11e182eb7064ccf3610d4b12cdb99467e473548e9e31961582635e4db24c2aa7"},
  "jason": {:hex, :jason, "1.4.4", "b9226785a9aa77b6857ca22832cffa5d5011a667207eb2a0ad56adb5db443b8a", [:mix], [{:decimal, "~> 1.0 or ~> 2.0", [hex: :decimal, repo: "hexpm", optional: true]}], "hexpm", "c5eb0cab91f094599f94d55bc63409236a8ec69a21a67814529e8d5f6cc90b3b"},
  "kiosk_system_rpi4": {:hex, :kiosk_system_rpi4, "2.0.1", "0189351271cc6a6fd63f8ac5bf2be6150045b3780d0bfda4898a84bd1c2f147f", [:mix], [{:nerves, "~> 1.11", [hex: :nerves, repo: "hexpm", optional: false]}, {:nerves_system_br, "1.33.4", [hex: :nerves_system_br, repo: "hexpm", optional: false]}, {:nerves_toolchain_aarch64_nerves_linux_gnu, "~> 13.2.0", [hex: :nerves_toolchain_aarch64_nerves_linux_gnu, repo: "hexpm", optional: false]}], "hexpm", "2ecc5b7e058571b9d0bc4bfd764860b6b1c5868a4507dbb1dfd96ab609a8a967"},
  "lazy_html": {:hex, :lazy_html, "0.1.11", "136c8e9cd616b4f4e9c1562daa683880891120b759606dc4c3b6b18058ba5d79", [:make, :mix], [{:cc_precompiler, "~> 0.1", [hex: :cc_precompiler, repo: "hexpm", optional: false]}, {:elixir_make, "~> 0.9.0", [hex: :elixir_make, repo: "hexpm", optional: false]}, {:fine, "~> 0.1.0", [hex: :fine, repo: "hexpm", optional: false]}], "hexpm", "3b1be592929c31eca1a21673d25696e5c14cddfe922d9d1a3e3b48be4163883b"},
  "mdns_lite": {:hex, :mdns_lite, "0.9.1", "fb305081d01aa62d38d86a4e467e9b7eb217aa68d62c22b111105170ca7f198f", [:mix], [{:igniter, "~> 0.5", [hex: :igniter, repo: "hexpm", optional: true]}, {:vintage_net, "~> 0.7", [hex: :vintage_net, repo: "hexpm", optional: true]}], "hexpm", "4f5ae0c6cc69fcc3adadf68bfd54abfc5a284defa703d6faefe40ade2145a601"},
  "mime": {:hex, :mime, "2.0.7", "b8d739037be7cd402aee1ba0306edfdef982687ee7e9859bee6198c1e7e2f128", [:mix], [], "hexpm", "6171188e399ee16023ffc5b76ce445eb6d9672e2e241d2df6050f3c771e80ccd"},
  "mint": {:hex, :mint, "1.7.1", "113fdb2b2f3b59e47c7955971854641c61f378549d73e829e1768de90fc1abf1", [:mix], [{:castore, "~> 0.1.0 or ~> 1.0", [hex: :castore, repo: "hexpm", optional: true]}, {:hpax, "~> 0.1.1 or ~> 0.2.0 or ~> 1.0", [hex: :hpax, repo: "hexpm", optional: false]}], "hexpm", "fceba0a4d0f24301ddee3024ae116df1c3f4bb7a563a731f45fdfeb9d39a231b"},
  "muontrap": {:hex, :muontrap, "1.7.0", "ff6eda43839194dc342b81e02e764fd75389a8ab166318548f3aaec374846600", [:make, :mix], [{:elixir_make, "~> 0.6", [hex: :elixir_make, repo: "hexpm", optional: false]}], "hexpm", "7bd4a90ae008bf6a25554aa13497b2c05dfa1fcc34be5bdcb8fb4dec9b3422e3"},
  "nerves": {:hex, :nerves, "1.13.2", "a931672f02d120191b2401d1539c8773f52a06cf780e460e4d8e6599c28a145b", [:make, :mix], [{:castore, "~> 0.1 or ~> 1.0", [hex: :castore, repo: "hexpm", optional: false]}, {:elixir_make, "~> 0.6", [hex: :elixir_make, repo: "hexpm", optional: false]}, {:interactive_cmd, "~> 0.1.2", [hex: :interactive_cmd, repo: "hexpm", optional: false]}, {:jason, "~> 1.2", [hex: :jason, repo: "hexpm", optional: false]}, {:nerves_discovery, "~> 0.1.2", [hex: :nerves_discovery, repo: "hexpm", optional: false]}, {:tablet, "~> 0.3.1", [hex: :tablet, repo: "hexpm", optional: false]}], "hexpm", "ad9a7b785471b80dad422e1323a8ff51d7c97db3ebc9d5165b68ce286b3f2ae3"},
  "nerves_discovery": {:hex, :nerves_discovery, "0.1.2", "9bf4b031cd13c00073cd2ee1053569ecc308da33a16a316997f59b0168c96300", [:mix], [], "hexpm", "87220c31e6de2919b81c9648bdaa647b1e8f67356475d295d7ecf08639ea294c"},
  "nerves_logging": {:hex, :nerves_logging, "0.2.4", "7d60c345325c7165a1473be30a399847eaba425dce3258ef97a8aefd6d913160", [:make, :mix], [{:elixir_make, "~> 0.6", [hex: :elixir_make, repo: "hexpm", optional: false]}], "hexpm", "942f9757adea17d56f4f64fbf4e1aaffd4b2471dd2f1bc020ba80ba2ef5238bc"},
  "nerves_motd": {:hex, :nerves_motd, "0.1.17", "a0c4ebec82425185dd8cea1c12cd5d310b076cdefc82ba5f4bf516b5733ee4de", [:mix], [{:nerves_runtime, "~> 0.13.9", [hex: :nerves_runtime, repo: "hexpm", optional: false]}, {:nerves_time, "~> 0.4", [hex: :nerves_time, repo: "hexpm", optional: true]}, {:nerves_time_zones, "~> 0.1", [hex: :nerves_time_zones, repo: "hexpm", optional: true]}], "hexpm", "901a99bb22355e3f68b2f33182756cec1b0556531a6f93521a7baa2f0591969d"},
  "nerves_pack": {:hex, :nerves_pack, "0.7.1", "f069a9c3cfcde445498aad618af95c846f2ee032a69c2d715a9e5d4f632fb1b5", [:mix], [{:mdns_lite, "> 0.0.0", [hex: :mdns_lite, repo: "hexpm", optional: false]}, {:nerves_motd, "> 0.0.0", [hex: :nerves_motd, repo: "hexpm", optional: false]}, {:nerves_runtime, "> 0.0.0", [hex: :nerves_runtime, repo: "hexpm", optional: false]}, {:nerves_ssh, "> 0.0.0", [hex: :nerves_ssh, repo: "hexpm", optional: false]}, {:nerves_time, "> 0.0.0", [hex: :nerves_time, repo: "hexpm", optional: false]}, {:ring_logger, "> 0.0.0", [hex: :ring_logger, repo: "hexpm", optional: false]}, {:vintage_net, "> 0.0.0", [hex: :vintage_net, repo: "hexpm", optional: false]}, {:vintage_net_direct, "> 0.0.0", [hex: :vintage_net_direct, repo: "hexpm", optional: false]}, {:vintage_net_ethernet, "> 0.0.0", [hex: :vintage_net_ethernet, repo: "hexpm", optional: false]}, {:vintage_net_wifi, "> 0.0.0", [hex: :vintage_net_wifi, repo: "hexpm", optional: false]}], "hexpm", "6b94d38771e3a97c3ed63e62fb5f78b47461208ee162e20bfbcf6e36fd900616"},
  "nerves_runtime": {:hex, :nerves_runtime, "0.13.12", "65f12109d1ad0fee29737b7a7ed52c5ab10d6a69470472250266940baca5859e", [:mix], [{:nerves_logging, "~> 0.2.0", [hex: :nerves_logging, repo: "hexpm", optional: false]}, {:nerves_uevent, "~> 0.1.0", [hex: :nerves_uevent, repo: "hexpm", optional: false]}, {:uboot_env, "~> 0.3.0 or ~> 1.0", [hex: :uboot_env, repo: "hexpm", optional: false]}], "hexpm", "b439f2181286967067ffe1ba03cf16a388f16f4e9e931d8f91f304e0b9472499"},
  "nerves_ssh": {:hex, :nerves_ssh, "1.3.0", "256ab684d0dc789998061959d59b30dae8c7f94a3d28ef071ec5f8a5e17118c0", [:mix], [{:nerves_runtime, "~> 0.11", [hex: :nerves_runtime, repo: "hexpm", optional: false]}, {:ssh_subsystem_fwup, "~> 0.5", [hex: :ssh_subsystem_fwup, repo: "hexpm", optional: false]}], "hexpm", "90ada3bf51f27dc345487da8a5e61bd4db0fd6d36e487b1379155bc905b10617"},
  "nerves_system_br": {:hex, :nerves_system_br, "1.33.4", "f050c6820ed20e43a0fa04d21f803930765c2474c007d920a7bd7fc09d57db9c", [:mix], [], "hexpm", "2317680a9341150b42473f70e53e81b16adefcd83f8207505ded15509bf3f269"},
  "nerves_system_rpi3": {:hex, :nerves_system_rpi3, "1.28.1", "59c61c34251a9c532d8e8f234c93806950583fb2327e01f47654241da645c16f", [:mix], [{:nerves, "~> 1.11", [hex: :nerves, repo: "hexpm", optional: false]}, {:nerves_system_br, "1.28.3", [hex: :nerves_system_br, repo: "hexpm", optional: false]}, {:nerves_toolchain_armv7_nerves_linux_gnueabihf, "~> 13.2.0", [hex: :nerves_toolchain_armv7_nerves_linux_gnueabihf, repo: "hexpm", optional: false]}], "hexpm", "5768c89133de98f47ed3b46aaef2e904698b4c3f44d4f32a82ecf36e76566575"},
  "nerves_system_rpi4": {:hex, :nerves_system_rpi4, "2.0.1", "7732eb9386a5b53f8c47223e388d3f28a2c16eaf84e3225ff273c99fdeb9b7d3", [:mix], [{:nerves, "~> 1.11", [hex: :nerves, repo: "hexpm", optional: false]}, {:nerves_system_br, "1.33.4", [hex: :nerves_system_br, repo: "hexpm", optional: false]}, {:nerves_toolchain_aarch64_nerves_linux_gnu, "~> 13.2.0", [hex: :nerves_toolchain_aarch64_nerves_linux_gnu, repo: "hexpm", optional: false]}], "hexpm", "6a552008ea8ef7d6c8afd47b0ec0fa0ac6693e51c870feab4ea513b176fd935b"},
  "nerves_system_rpi5": {:hex, :nerves_system_rpi5, "2.0.1", "47ce1d0cff41c256975d1466698f54ca9f49369d7f7459f0a238db6ad4fc7aaa", [:mix], [{:nerves, "~> 1.11", [hex: :nerves, repo: "hexpm", optional: false]}, {:nerves_system_br, "1.33.4", [hex: :nerves_system_br, repo: "hexpm", optional: false]}, {:nerves_toolchain_aarch64_nerves_linux_gnu, "~> 13.2.0", [hex: :nerves_toolchain_aarch64_nerves_linux_gnu, repo: "hexpm", optional: false]}], "hexpm", "d2bf66fe21dcc9f2769d4093cfb74adbe1a3b84daa25d734f3aee68dce8d9c8f"},
  "nerves_time": {:hex, :nerves_time, "0.4.9", "9b123cf8b5f43ea1b5b897cc5fd9a0bd3b03c6e2a805bf790337731c681bb211", [:make, :mix], [{:elixir_make, "~> 0.6", [hex: :elixir_make, repo: "hexpm", optional: false]}, {:muontrap, "~> 0.5 or ~> 1.0", [hex: :muontrap, repo: "hexpm", optional: false]}], "hexpm", "a46a4f8c97a7137c8b4b7314a5541ea8f5a266c8cec78ff2d35b53d29dbab6b4"},
  "nerves_toolchain_aarch64_nerves_linux_gnu": {:hex, :nerves_toolchain_aarch64_nerves_linux_gnu, "13.2.0", "68fcd2c21c86cceb9545948fae052d72f88b7c7c10205b252dac88559e2a3369", [:mix], [{:nerves, "~> 1.4", [hex: :nerves, repo: "hexpm", optional: false]}, {:nerves_toolchain_ctng, "~> 1.10.0", [hex: :nerves_toolchain_ctng, repo: "hexpm", optional: false]}], "hexpm", "f92212606919a062f975e7bd82ed8a1b95bd4864abb3444cd0d5d0e610e94cc5"},
  "nerves_toolchain_armv7_nerves_linux_gnueabihf": {:hex, :nerves_toolchain_armv7_nerves_linux_gnueabihf, "13.2.0", "48305b5ba2ec41d2f9bfd0997d6bb6e8a9f5358146baa58fc64887bfe2d38ccd", [:mix], [{:nerves, "~> 1.0", [hex: :nerves, repo: "hexpm", optional: false]}, {:nerves_toolchain_ctng, "~> 1.10.0", [hex: :nerves_toolchain_ctng, repo: "hexpm", optional: false]}], "hexpm", "7a43b14eb4ec90f36acf36a42ce42c1d69c280b90eea7ab9965e00db3ee6cbf7"},
  "nerves_toolchain_ctng": {:hex, :nerves_toolchain_ctng, "1.10.0", "c6b35377a0b7a93633a8673a788f1580fe1fa06083374b0e4df36da65828d2ef", [:mix], [{:nerves, "~> 1.0", [hex: :nerves, repo: "hexpm", optional: false]}], "hexpm", "e4ae1a2b84de3502ecac195765819be0ce2834eb276553163a7c03133f1760f1"},
  "nerves_uevent": {:hex, :nerves_uevent, "0.1.2", "0da22ed32d5203162e9d175a83a43d541406177384a810388508c2002285bfce", [:make, :mix], [{:elixir_make, "~> 0.6", [hex: :elixir_make, repo: "hexpm", optional: false]}, {:property_table, "~> 0.2.0 or ~> 0.3.0", [hex: :property_table, repo: "hexpm", optional: false]}], "hexpm", "1603eada674d77f9e4e7d517899a589316d7537dd6feee7f319b2b0dd7d350a7"},
  "nimble_csv": {:hex, :nimble_csv, "1.3.0", "b7f998dc62b222bce9596e46f028c7a5af04cb5dde6df2ea197c583227c54971", [:mix], [], "hexpm", "41ccdc18f7c8f8bb06e84164fc51635321e80d5a3b450761c4997d620925d619"},
  "nimble_options": {:hex, :nimble_options, "1.1.1", "e3a492d54d85fc3fd7c5baf411d9d2852922f66e69476317787a7b2bb000a61b", [:mix], [], "hexpm", "821b2470ca9442c4b6984882fe9bb0389371b8ddec4d45a9504f00a66f650b44"},
  "nimble_pool": {:hex, :nimble_pool, "1.1.0", "bf9c29fbdcba3564a8b800d1eeb5a3c58f36e1e11d7b7fb2e084a643f645f06b", [:mix], [], "hexpm", "af2e4e6b34197db81f7aad230c1118eac993acc0dae6bc83bac0126d4ae0813a"},
  "nx": {:hex, :nx, "0.10.0", "128e4a094cb790f663e20e1334b127c1f2a4df54edfb8b13c22757ec33133b4f", [:mix], [{:complex, "~> 0.6", [hex: :complex, repo: "hexpm", optional: false]}, {:telemetry, "~> 0.4.0 or ~> 1.0", [hex: :telemetry, repo: "hexpm", optional: false]}], "hexpm", "3db8892c124aeee091df0e6fbf8e5bf1b81f502eb0d4f5ba63e6378ebcae7da4"},
  "nx_eigen": {:hex, :nx_eigen, "0.1.1", "38addacaa90d7832e1c62b50279e3ec517aabd79e3c53656b28c7c9662d663d5", [:make, :mix], [{:cc_precompiler, "~> 0.1", [hex: :cc_precompiler, repo: "hexpm", optional: false]}, {:elixir_make, "~> 0.8", [hex: :elixir_make, repo: "hexpm", optional: false]}, {:fine, "~> 0.1.0", [hex: :fine, repo: "hexpm", optional: false]}, {:nx, "~> 0.10", [hex: :nx, repo: "hexpm", optional: false]}], "hexpm", "431029478bdee45972abac62aef3e321b7736f7b1954bc124a5e702bd397e39b"},
  "nx_image": {:hex, :nx_image, "0.1.2", "0c6e3453c1dc30fc80c723a54861204304cebc8a89ed3b806b972c73ee5d119d", [:mix], [{:nx, "~> 0.4", [hex: :nx, repo: "hexpm", optional: false]}], "hexpm", "9161863c42405ddccb6dbbbeae078ad23e30201509cc804b3b3a7c9e98764b81"},
  "one_dhcpd": {:hex, :one_dhcpd, "2.0.3", "224f8a4cd06d73c9e481dd92766d3e831f8dc4d29d2cd50b9459135b32845da0", [:make, :mix], [{:elixir_make, "~> 0.6", [hex: :elixir_make, repo: "hexpm", optional: false]}], "hexpm", "a5902e4ed956bcfaa975bcda7adb2fc35303695a496eafecea69392a26cbf9ff"},
  "owl": {:hex, :owl, "0.13.0", "26010e066d5992774268f3163506972ddac0a7e77bfe57fa42a250f24d6b876e", [:mix], [{:ucwidth, "~> 0.2", [hex: :ucwidth, repo: "hexpm", optional: true]}], "hexpm", "59bf9d11ce37a4db98f57cb68fbfd61593bf419ec4ed302852b6683d3d2f7475"},
  "phoenix": {:hex, :phoenix, "1.8.5", "919db335247e6d4891764dc3063415b0d2457641c5f9b3751b5df03d8e20bbcf", [:mix], [{:bandit, "~> 1.0", [hex: :bandit, repo: "hexpm", optional: true]}, {:jason, "~> 1.0", [hex: :jason, repo: "hexpm", optional: true]}, {:phoenix_pubsub, "~> 2.1", [hex: :phoenix_pubsub, repo: "hexpm", optional: false]}, {:phoenix_template, "~> 1.0", [hex: :phoenix_template, repo: "hexpm", optional: false]}, {:phoenix_view, "~> 2.0", [hex: :phoenix_view, repo: "hexpm", optional: true]}, {:plug, "~> 1.14", [hex: :plug, repo: "hexpm", optional: false]}, {:plug_cowboy, "~> 2.7", [hex: :plug_cowboy, repo: "hexpm", optional: true]}, {:plug_crypto, "~> 1.2 or ~> 2.0", [hex: :plug_crypto, repo: "hexpm", optional: false]}, {:telemetry, "~> 0.4 or ~> 1.0", [hex: :telemetry, repo: "hexpm", optional: false]}, {:websock_adapter, "~> 0.5.3", [hex: :websock_adapter, repo: "hexpm", optional: false]}], "hexpm", "83b2bb125127e02e9f475c8e3e92736325b5b01b0b9b05407bcb4083b7a32485"},
  "phoenix_html": {:hex, :phoenix_html, "4.3.0", "d3577a5df4b6954cd7890c84d955c470b5310bb49647f0a114a6eeecc850f7ad", [:mix], [], "hexpm", "3eaa290a78bab0f075f791a46a981bbe769d94bc776869f4f3063a14f30497ad"},
  "phoenix_live_view": {:hex, :phoenix_live_view, "1.1.28", "8a8e123d018025f756605a2fb02a4854f0d3cd7b207f710fef1fd5d9d72d0254", [:mix], [{:igniter, ">= 0.6.16 and < 1.0.0-0", [hex: :igniter, repo: "hexpm", optional: true]}, {:jason, "~> 1.0", [hex: :jason, repo: "hexpm", optional: true]}, {:lazy_html, "~> 0.1.0", [hex: :lazy_html, repo: "hexpm", optional: true]}, {:phoenix, "~> 1.6.15 or ~> 1.7.0 or ~> 1.8.0-rc", [hex: :phoenix, repo: "hexpm", optional: false]}, {:phoenix_html, "~> 3.3 or ~> 4.0", [hex: :phoenix_html, repo: "hexpm", optional: false]}, {:phoenix_template, "~> 1.0", [hex: :phoenix_template, repo: "hexpm", optional: false]}, {:phoenix_view, "~> 2.0", [hex: :phoenix_view, repo: "hexpm", optional: true]}, {:plug, "~> 1.15", [hex: :plug, repo: "hexpm", optional: false]}, {:telemetry, "~> 0.4.2 or ~> 1.0", [hex: :telemetry, repo: "hexpm", optional: false]}], "hexpm", "24faad535b65089642c3a7d84088109dc58f49c1f1c5a978659855d643466353"},
  "phoenix_pubsub": {:hex, :phoenix_pubsub, "2.2.0", "ff3a5616e1bed6804de7773b92cbccfc0b0f473faf1f63d7daf1206c7aeaaa6f", [:mix], [], "hexpm", "adc313a5bf7136039f63cfd9668fde73bba0765e0614cba80c06ac9460ff3e96"},
  "phoenix_template": {:hex, :phoenix_template, "1.0.4", "e2092c132f3b5e5b2d49c96695342eb36d0ed514c5b252a77048d5969330d639", [:mix], [{:phoenix_html, "~> 2.14.2 or ~> 3.0 or ~> 4.0", [hex: :phoenix_html, repo: "hexpm", optional: true]}], "hexpm", "2c0c81f0e5c6753faf5cca2f229c9709919aba34fab866d3bc05060c9c444206"},
  "plug": {:hex, :plug, "1.19.1", "09bac17ae7a001a68ae393658aa23c7e38782be5c5c00c80be82901262c394c0", [:mix], [{:mime, "~> 1.0 or ~> 2.0", [hex: :mime, repo: "hexpm", optional: false]}, {:plug_crypto, "~> 1.1.1 or ~> 1.2 or ~> 2.0", [hex: :plug_crypto, repo: "hexpm", optional: false]}, {:telemetry, "~> 0.4.3 or ~> 1.0", [hex: :telemetry, repo: "hexpm", optional: false]}], "hexpm", "560a0017a8f6d5d30146916862aaf9300b7280063651dd7e532b8be168511e62"},
  "plug_cowboy": {:hex, :plug_cowboy, "2.8.0", "07789e9c03539ee51bb14a07839cc95aa96999fd8846ebfd28c97f0b50c7b612", [:mix], [{:cowboy, "~> 2.7", [hex: :cowboy, repo: "hexpm", optional: false]}, {:cowboy_telemetry, "~> 0.3", [hex: :cowboy_telemetry, repo: "hexpm", optional: false]}, {:plug, "~> 1.14", [hex: :plug, repo: "hexpm", optional: false]}], "hexpm", "9cbfaaf17463334ca31aed38ea7e08a68ee37cabc077b1e9be6d2fb68e0171d0"},
  "plug_crypto": {:hex, :plug_crypto, "2.1.1", "19bda8184399cb24afa10be734f84a16ea0a2bc65054e23a62bb10f06bc89491", [:mix], [], "hexpm", "6470bce6ffe41c8bd497612ffde1a7e4af67f36a15eea5f921af71cf3e11247c"},
  "polaris": {:hex, :polaris, "0.1.0", "dca61b18e3e801ecdae6ac9f0eca5f19792b44a5cb4b8d63db50fc40fc038d22", [:mix], [{:nx, "~> 0.5", [hex: :nx, repo: "hexpm", optional: false]}], "hexpm", "13ef2b166650e533cb24b10e2f3b8ab4f2f449ba4d63156e8c569527f206e2c2"},
  "property_table": {:hex, :property_table, "0.3.3", "7a31cc1c6d9e0a532787f56bee6d9a6067205d9c24c6d64e8ba851837d59f297", [:mix], [], "hexpm", "738a1584ab56237443e0fccaa0cf4a1da058c0c992948bcd73fed1a99de5696e"},
  "ranch": {:hex, :ranch, "2.2.0", "25528f82bc8d7c6152c57666ca99ec716510fe0925cb188172f41ce93117b1b0", [:make, :rebar3], [], "hexpm", "fa0b99a1780c80218a4197a59ea8d3bdae32fbff7e88527d7d8a4787eff4f8e7"},
  "req": {:hex, :req, "0.5.17", "0096ddd5b0ed6f576a03dde4b158a0c727215b15d2795e59e0916c6971066ede", [:mix], [{:brotli, "~> 0.3.1", [hex: :brotli, repo: "hexpm", optional: true]}, {:ezstd, "~> 1.0", [hex: :ezstd, repo: "hexpm", optional: true]}, {:finch, "~> 0.17", [hex: :finch, repo: "hexpm", optional: false]}, {:jason, "~> 1.0", [hex: :jason, repo: "hexpm", optional: false]}, {:mime, "~> 2.0.6 or ~> 2.1", [hex: :mime, repo: "hexpm", optional: false]}, {:nimble_csv, "~> 1.0", [hex: :nimble_csv, repo: "hexpm", optional: true]}, {:plug, "~> 1.0", [hex: :plug, repo: "hexpm", optional: true]}], "hexpm", "0b8bc6ffdfebbc07968e59d3ff96d52f2202d0536f10fef4dc11dc02a2a43e39"},
  "reterminal_dm": {:git, "https://github.com/ANUcybernetics/reterminal_dm.git", "666b1604e8e9a857d6fe5bcddbc92ebc2ab319b7", [tag: "v2.2.0"]},
  "rewrite": {:hex, :rewrite, "1.3.0", "67448ba7975690b35ba7e7f35717efcce317dbd5963cb0577aa7325c1923121a", [:mix], [{:glob_ex, "~> 0.1", [hex: :glob_ex, repo: "hexpm", optional: false]}, {:sourceror, "~> 1.0", [hex: :sourceror, repo: "hexpm", optional: false]}, {:text_diff, "~> 0.1", [hex: :text_diff, repo: "hexpm", optional: false]}], "hexpm", "d111ac7ff3a58a802ef4f193bbd1831e00a9c57b33276e5068e8390a212714a5"},
  "ring_logger": {:hex, :ring_logger, "0.11.5", "b799ce644a593691f81895fd0903eb0a8a6bff8df9733b891b0da53be21217fe", [:mix], [{:circular_buffer, "~> 0.4.0 or ~> 1.0", [hex: :circular_buffer, repo: "hexpm", optional: false]}], "hexpm", "ec7a309bfa92dac3a85e8903454fe85b2159169329291563437dc8085437ad3a"},
  "scidata": {:hex, :scidata, "0.1.11", "fe3358bac7d740374b4f2a7eff6a1cb02e5ee7f87f7cdb1e8648ad93c533165f", [:mix], [{:castore, "~> 0.1", [hex: :castore, repo: "hexpm", optional: false]}, {:jason, "~> 1.0", [hex: :jason, repo: "hexpm", optional: false]}, {:nimble_csv, "~> 1.1", [hex: :nimble_csv, repo: "hexpm", optional: false]}, {:stb_image, "~> 0.4", [hex: :stb_image, repo: "hexpm", optional: true]}], "hexpm", "90873337a9d5fe880d640517efa93d3c07e46c8ba436de44117f581800549f93"},
  "shoehorn": {:hex, :shoehorn, "0.9.3", "88b79efa6c3cf42395d0635b2b6a41d1774275abb4a4889c0288874446d33d88", [:mix], [], "hexpm", "376ccf28e1d57a7f9d73ea93130e711886e88f4464a2cb9355787fd23897bbba"},
  "sourceror": {:hex, :sourceror, "1.12.0", "da354c5f35aad3cc1132f5d5b0d8437d865e2661c263260480bab51b5eedb437", [:mix], [], "hexpm", "755703683bd014ebcd5de9acc24b68fb874a660a568d1d63f8f98cd8a6ef9cd0"},
  "spitfire": {:hex, :spitfire, "0.3.10", "19aea9914132456515e8f7d592f63ab9f3130876b0252e834d2390bdd8becb24", [:mix], [], "hexpm", "6a6a5f77eb4165249c76199cd2d01fb595bac9207aed3de551918ac1c2bc9267"},
  "ssh_subsystem_fwup": {:hex, :ssh_subsystem_fwup, "0.6.7", "e5621a629a8c24befbdc1bf56a77d99c7c9075d45ddc19ad7b6c799c661d19de", [:mix], [{:interactive_cmd, "~> 0.1.2", [hex: :interactive_cmd, repo: "hexpm", optional: false]}], "hexpm", "93a72fcbeac9f33edf3cb3cb3d0df77f3a18305c24964bc9b42236bda3aac7eb"},
  "tablet": {:hex, :tablet, "0.3.2", "108b6736e0f6c229c5ffd64a01188d5e6ddcf0a68546338f95611bf691f55453", [:mix], [], "hexpm", "74b1cbfcf2a8e55d685a804ad36dd40ec640b3b16c03782a2eb791fd051a0f0e"},
  "telemetry": {:hex, :telemetry, "1.4.1", "ab6de178e2b29b58e8256b92b382ea3f590a47152ca3651ea857a6cae05ac423", [:rebar3], [], "hexpm", "2172e05a27531d3d31dd9782841065c50dd5c3c7699d95266b2edd54c2dafa1c"},
  "text_diff": {:hex, :text_diff, "0.1.0", "1caf3175e11a53a9a139bc9339bd607c47b9e376b073d4571c031913317fecaa", [:mix], [], "hexpm", "d1ffaaecab338e49357b6daa82e435f877e0649041ace7755583a0ea3362dbd7"},
  "tidewave": {:hex, :tidewave, "0.5.6", "91f35540b5599640443f1d3a1c6166bf506e202840261a6344e384e8813c1f64", [:mix], [{:circular_buffer, "~> 0.4 or ~> 1.0", [hex: :circular_buffer, repo: "hexpm", optional: false]}, {:igniter, "~> 0.6", [hex: :igniter, repo: "hexpm", optional: true]}, {:jason, "~> 1.4", [hex: :jason, repo: "hexpm", optional: false]}, {:phoenix_live_reload, ">= 1.6.1", [hex: :phoenix_live_reload, repo: "hexpm", optional: true]}, {:plug, "~> 1.17", [hex: :plug, repo: "hexpm", optional: false]}, {:req, "~> 0.5", [hex: :req, repo: "hexpm", optional: false]}], "hexpm", "dc82d52b8b6ffc04680544b17cd340c7d4166bb0d63999eb960850526866b533"},
  "toolshed": {:hex, :toolshed, "0.4.2", "b760b2dc24bc45f74d88ebf7251e5a235583fc5f51b4c6fea43e0b334b22fff3", [:mix], [{:nerves_runtime, "~> 0.8", [hex: :nerves_runtime, repo: "hexpm", optional: true]}], "hexpm", "e75aee836fc391d4ae0a422b7e6ef3380b86f8ffa3b181d5d36c390dc1167e0d"},
  "uboot_env": {:hex, :uboot_env, "1.0.2", "239809ab786a57f0f3d4eb318e0af30b7847c288cff96fc9306cd5283f967355", [:mix], [], "hexpm", "89c6419b3af35f90f7f027858e977c719c1a8b68e57be73757bc21a2ed0cc03d"},
  "usage_rules": {:hex, :usage_rules, "1.2.5", "3737b44ecba9fa816e04abadf5199bc78b68f05d49ae79f1fa785342167a721f", [:mix], [{:igniter, ">= 0.6.6 and < 1.0.0-0", [hex: :igniter, repo: "hexpm", optional: false]}, {:jason, "~> 1.0", [hex: :jason, repo: "hexpm", optional: false]}, {:req, "~> 0.5", [hex: :req, repo: "hexpm", optional: false]}], "hexpm", "509eb67b7a7f90514889b602c41692b45956dc3e381ca0e25505dccd8de90390"},
  "vintage_net": {:hex, :vintage_net, "0.13.9", "23d4402bb97d8ac415237898b39e94275618749c34b848e730ef9ead152cc637", [:make, :mix], [{:beam_notify, "~> 0.2.0 or ~> 1.0", [hex: :beam_notify, repo: "hexpm", optional: false]}, {:elixir_make, "~> 0.6", [hex: :elixir_make, repo: "hexpm", optional: false]}, {:muontrap, "~> 0.5.1 or ~> 0.6.0 or ~> 1.0", [hex: :muontrap, repo: "hexpm", optional: false]}, {:property_table, "~> 0.2.0 or ~> 0.3.0", [hex: :property_table, repo: "hexpm", optional: false]}], "hexpm", "4b432b42762585b9c7aaeed055dfa59227f88759d86111d6e9830ffe1d09981d"},
  "vintage_net_direct": {:hex, :vintage_net_direct, "0.10.7", "940561c375f04d6734ac78100ae1d8ef790ffd7e966f70efb525230fa1bc5774", [:mix], [{:one_dhcpd, "~> 0.2.3 or ~> 1.0 or ~> 2.0", [hex: :one_dhcpd, repo: "hexpm", optional: false]}, {:vintage_net, "~> 0.9.1 or ~> 0.10.0 or ~> 0.11.0 or ~> 0.12.0 or ~> 0.13.0", [hex: :vintage_net, repo: "hexpm", optional: false]}], "hexpm", "c040e9c33220495c28ba4464c5924da00bd4949627c4cb9c99ba1ed96f7b9429"},
  "vintage_net_ethernet": {:hex, :vintage_net_ethernet, "0.11.2", "ef67db5ace9ad5ca5bf229a507247f9eb45b847dc0ff694a6e8a156ed9c5915d", [:mix], [{:vintage_net, "~> 0.12.0 or ~> 0.13.0", [hex: :vintage_net, repo: "hexpm", optional: false]}], "hexpm", "6915f9e15e1aa15e52d1948f318ce5109181d1ad7aaa50016bad5dd8e22df9ea"},
  "vintage_net_wifi": {:hex, :vintage_net_wifi, "0.12.7", "c30adc8f6eecbe52ba7183c8847b48bf683860403cfecf5d51324d5b2c2d4ab1", [:make, :mix], [{:elixir_make, "~> 0.6", [hex: :elixir_make, repo: "hexpm", optional: false]}, {:vintage_net, "~> 0.12.0 or ~> 0.13.0", [hex: :vintage_net, repo: "hexpm", optional: false]}], "hexpm", "a28d9fe4d639fb28b8ebe206ede5171f5c08b6f063185958742e07bf41bf50c2"},
  "websock": {:hex, :websock, "0.5.3", "2f69a6ebe810328555b6fe5c831a851f485e303a7c8ce6c5f675abeb20ebdadc", [:mix], [], "hexpm", "6105453d7fac22c712ad66fab1d45abdf049868f253cf719b625151460b8b453"},
  "websock_adapter": {:hex, :websock_adapter, "0.5.9", "43dc3ba6d89ef5dec5b1d0a39698436a1e856d000d84bf31a3149862b01a287f", [:mix], [{:bandit, ">= 0.6.0", [hex: :bandit, repo: "hexpm", optional: true]}, {:plug, "~> 1.14", [hex: :plug, repo: "hexpm", optional: false]}, {:plug_cowboy, "~> 2.6", [hex: :plug_cowboy, repo: "hexpm", optional: true]}, {:websock, "~> 0.5", [hex: :websock, repo: "hexpm", optional: false]}], "hexpm", "5534d5c9adad3c18a0f58a9371220d75a803bf0b9a3d87e6fe072faaeed76a08"},
}
